
Microsoft Visual Studio Solution File, Format Version 12.00
# Visual Studio Version 16
VisualStudioVersion = 16.0.32413.511
MinimumVisualStudioVersion = 10.0.40219.1
Project("{8BC9CEB8-8B4A-11D0-8D11-00A0C91BC942}") = "SideScroller-2D", "SideScroller-2D.vcxproj", "{A514F0C5-8744-4B38-980A-79B4F2C9471B}"
EndProject
Global
	GlobalSection(SolutionConfigurationPlatforms) = preSolution
		Debug|x64 = Debug|x64
		Debug|x86 = Debug|x86
		Release|x64 = Release|x64
		Release|x86 = Release|x86
	EndGlobalSection
	GlobalSection(ProjectConfigurationPlatforms) = postSolution
		{A514F0C5-8744-4B38-980A-79B4F2C9471B}.Debug|x64.ActiveCfg = Debug|x64
		{A514F0C5-8744-4B38-980A-79B4F2C9471B}.Debug|x64.Build.0 = Debug|x64
		{A514F0C5-8744-4B38-980A-79B4F2C9471B}.Debug|x86.ActiveCfg = Debug|Win32
		{A514F0C5-8744-4B38-980A-79B4F2C9471B}.Debug|x86.Build.0 = Debug|Win32
		{A514F0C5-8744-4B38-980A-79B4F2C9471B}.Release|x64.ActiveCfg = Release|x64
		{A514F0C5-8744-4B38-980A-79B4F2C9471B}.Release|x64.Build.0 = Release|x64
		{A514F0C5-8744-4B38-980A-79B4F2C9471B}.Release|x86.ActiveCfg = Release|Win32
		{A514F0C5-8744-4B38-980A-79B4F2C9471B}.Release|x86.Build.0 = Release|Win32
	EndGlobalSection
	GlobalSection(SolutionProperties) = preSolution
		HideSolutionNode = FALSE
	EndGlobalSection
	GlobalSection(ExtensibilityGlobals) = postSolution
		SolutionGuid = {E9BA8646-6907-473D-B25C-122AE56547AC}
	EndGlobalSection
EndGlobal
